github.com/datakrama/nyerat-hugo-theme v0.0.1 h1:8Zbom50KoDbmf4QMcouHMvxTj2yN0HYNMuezwU1igMw=
github.com/datakrama/nyerat-hugo-theme v0.0.1/go.mod h1:muTNR5coLwgAPzR90YUaF2y8XIY+nLNFUuR3HvOlhIQ=
github.com/datakrama/nyerat-hugo-theme v0.1.0 h1:LtzU1azcgnfAX4dHpxWjgWyduyx9MkwyX5zM1TkoTzA=
github.com/datakrama/nyerat-hugo-theme v0.1.0/go.mod h1:muTNR5coLwgAPzR90YUaF2y8XIY+nLNFUuR3HvOlhIQ=
github.com/datakrama/nyerat-hugo-theme v0.2.0 h1:CfP4TrStq+571KiweS4gqNfplP5+JDX+J6UaRaOR/tM=
github.com/datakrama/nyerat-hugo-theme v0.2.0/go.mod h1:muTNR5coLwgAPzR90YUaF2y8XIY+nLNFUuR3HvOlhIQ=
github.com/datakrama/nyerat-hugo-theme v0.2.1 h1:e+Y6G++7wKJ+voNOYtr5vxzZE8ZZ70Jz32xN9qyoD3g=
github.com/datakrama/nyerat-hugo-theme v0.2.1/go.mod h1:muTNR5coLwgAPzR90YUaF2y8XIY+nLNFUuR3HvOlhIQ=
github.com/datakrama/nyerat-hugo-theme v0.2.2 h1:fecOYzImtMpBExedQYax7zyEbp7cqBkPByHTnNGS9eQ=
github.com/datakrama/nyerat-hugo-theme v0.2.2/go.mod h1:muTNR5coLwgAPzR90YUaF2y8XIY+nLNFUuR3HvOlhIQ=
github.com/datakrama/nyerat-hugo-theme v0.2.3 h1:f77FT4a9llTCLniaZl9Id5RJXh0JrngD3r4bo+FUXwo=
github.com/datakrama/nyerat-hugo-theme v0.2.3/go.mod h1:muTNR5coLwgAPzR90YUaF2y8XIY+nLNFUuR3HvOlhIQ=
github.com/datakrama/nyerat-hugo-theme v0.2.4 h1:jCUqdy3RFPtJ4Ij4LAn5VJy/ZnZmKNr1CEElwd+LPRs=
github.com/datakrama/nyerat-hugo-theme v0.2.4/go.mod h1:muTNR5coLwgAPzR90YUaF2y8XIY+nLNFUuR3HvOlhIQ=
github.com/datakrama/nyerat-hugo-theme v0.3.0 h1:OlfDOjdRq77iBYP5fFLjhyx/9oyl2ALIZZYqUmt7Am8=
github.com/datakrama/nyerat-hugo-theme v0.3.0/go.mod h1:muTNR5coLwgAPzR90YUaF2y8XIY+nLNFUuR3HvOlhIQ=
github.com/datakrama/nyerat-hugo-theme v0.4.0 h1:jGnMpVykqolwz+qqIM4sg8cvmqlCL/7FXwqtI8dZHvw=
github.com/datakrama/nyerat-hugo-theme v0.4.0/go.mod h1:muTNR5coLwgAPzR90YUaF2y8XIY+nLNFUuR3HvOlhIQ=
github.com/datakrama/nyerat-hugo-theme v0.4.1 h1:mp3fv0pYJxu5TeWvVqni4kNKeL3QZFRVwcgxH7qcVOg=
github.com/datakrama/nyerat-hugo-theme v0.4.1/go.mod h1:muTNR5coLwgAPzR90YUaF2y8XIY+nLNFUuR3HvOlhIQ=
